{
    "requires": true,
    "lockfileVersion": 1,
    "dependencies": {
        "vanillatoasts": {
            "version": "1.3.0",
            "resolved": "https://registry.npmjs.org/vanillatoasts/-/vanillatoasts-1.3.0.tgz",
            "integrity": "sha512-78SRMg6iz5xtYM3WOhQEZND8J5H4bdlHEl1H65rdMDOx6caV7HKxWGP36MGqRUWum/A6zVjRnaCEJB+Q4SZCiw=="
        }
    }
}
